
Microsoft Visual Studio Solution File, Format Version 12.00
# Visual Studio Version 17
VisualStudioVersion = 17.5.33530.505
MinimumVisualStudioVersion = 10.0.40219.1
Project("{FAE04EC0-301F-11D3-BF4B-00C04F79EFBC}") = "AvaApp", "AvaApp.csproj", "{A229F1A2-DF89-45B9-9A6A-7CD5FC7FEC96}"
EndProject
Global
	GlobalSection(SolutionConfigurationPlatforms) = preSolution
		Debug|Any CPU = Debug|Any CPU
		Release|Any CPU = Release|Any CPU
	EndGlobalSection
	GlobalSection(ProjectConfigurationPlatforms) = postSolution
		{A229F1A2-DF89-45B9-9A6A-7CD5FC7FEC96}.Debug|Any CPU.ActiveCfg = Debug|Any CPU
		{A229F1A2-DF89-45B9-9A6A-7CD5FC7FEC96}.Debug|Any CPU.Build.0 = Debug|Any CPU
		{A229F1A2-DF89-45B9-9A6A-7CD5FC7FEC96}.Release|Any CPU.ActiveCfg = Release|Any CPU
		{A229F1A2-DF89-45B9-9A6A-7CD5FC7FEC96}.Release|Any CPU.Build.0 = Release|Any CPU
	EndGlobalSection
	GlobalSection(SolutionProperties) = preSolution
		HideSolutionNode = FALSE
	EndGlobalSection
	GlobalSection(ExtensibilityGlobals) = postSolution
		SolutionGuid = {3D4CCAA4-A775-49AA-91D5-EE81710B46DA}
	EndGlobalSection
EndGlobal
